
Microsoft Visual Studio Solution File, Format Version 12.00
# Visual Studio Version 16
VisualStudioVersion = 16.0.30114.105
MinimumVisualStudioVersion = 10.0.40219.1
Project("{FAE04EC0-301F-11D3-BF4B-00C04F79EFBC}") = "API", "API\API.csproj", "{D08BBB68-8419-4F6A-82E7-13FA057B48D3}"
EndProject
Project("{FAE04EC0-301F-11D3-BF4B-00C04F79EFBC}") = "Core", "Core\Core.csproj", "{40B01812-E621-4675-B475-278E00ED0646}"
EndProject
Project("{FAE04EC0-301F-11D3-BF4B-00C04F79EFBC}") = "Infrastructure", "Infrastructure\Infrastructure.csproj", "{CDE2C914-E137-44BE-8E90-34FD8A686BAB}"
EndProject
Global
	GlobalSection(SolutionConfigurationPlatforms) = preSolution
		Debug|Any CPU = Debug|Any CPU
		Release|Any CPU = Release|Any CPU
	EndGlobalSection
	GlobalSection(SolutionProperties) = preSolution
		HideSolutionNode = FALSE
	EndGlobalSection
	GlobalSection(ProjectConfigurationPlatforms) = postSolution
		{D08BBB68-8419-4F6A-82E7-13FA057B48D3}.Debug|Any CPU.ActiveCfg = Debug|Any CPU
		{D08BBB68-8419-4F6A-82E7-13FA057B48D3}.Debug|Any CPU.Build.0 = Debug|Any CPU
		{D08BBB68-8419-4F6A-82E7-13FA057B48D3}.Release|Any CPU.ActiveCfg = Release|Any CPU
		{D08BBB68-8419-4F6A-82E7-13FA057B48D3}.Release|Any CPU.Build.0 = Release|Any CPU
		{40B01812-E621-4675-B475-278E00ED0646}.Debug|Any CPU.ActiveCfg = Debug|Any CPU
		{40B01812-E621-4675-B475-278E00ED0646}.Debug|Any CPU.Build.0 = Debug|Any CPU
		{40B01812-E621-4675-B475-278E00ED0646}.Release|Any CPU.ActiveCfg = Release|Any CPU
		{40B01812-E621-4675-B475-278E00ED0646}.Release|Any CPU.Build.0 = Release|Any CPU
		{CDE2C914-E137-44BE-8E90-34FD8A686BAB}.Debug|Any CPU.ActiveCfg = Debug|Any CPU
		{CDE2C914-E137-44BE-8E90-34FD8A686BAB}.Debug|Any CPU.Build.0 = Debug|Any CPU
		{CDE2C914-E137-44BE-8E90-34FD8A686BAB}.Release|Any CPU.ActiveCfg = Release|Any CPU
		{CDE2C914-E137-44BE-8E90-34FD8A686BAB}.Release|Any CPU.Build.0 = Release|Any CPU
	EndGlobalSection
EndGlobal
